// !$*UTF8*$!
{
	archiveVersion = 1;
	classes = {
	};
	objectVersion = 56;
	objects = {

/* Begin PBXContainerItemProxy section */
		D41809CA2BEA2897006F2156 /* PBXContainerItemProxy */ = {
			isa = PBXContainerItemProxy;
			containerPortal = D41809C42BEA2897006F2156 /* Nine-iOS.xcodeproj */;
			proxyType = 2;
			remoteGlobalIDString = D41809972BEA2896006F2156;
			remoteInfo = "Nine-iOS";
		};
		D41809CC2BEA2897006F2156 /* PBXContainerItemProxy */ = {
			isa = PBXContainerItemProxy;
			containerPortal = D41809C42BEA2897006F2156 /* Nine-iOS.xcodeproj */;
			proxyType = 2;
			remoteGlobalIDString = D41809A72BEA2897006F2156;
			remoteInfo = "Nine-iOSTests";
		};
		D41809CE2BEA2897006F2156 /* PBXContainerItemProxy */ = {
			isa = PBXContainerItemProxy;
			containerPortal = D41809C42BEA2897006F2156 /* Nine-iOS.xcodeproj */;
			proxyType = 2;
			remoteGlobalIDString = D41809B12BEA2897006F2156;
			remoteInfo = "Nine-iOSUITests";
		};
		D4180A122BEA29EB006F2156 /* PBXContainerItemProxy */ = {
			isa = PBXContainerItemProxy;
			containerPortal = D4180A0C2BEA29EB006F2156 /* Nine-macOS.xcodeproj */;
			proxyType = 2;
			remoteGlobalIDString = D41809DE2BEA29E9006F2156;
			remoteInfo = "Nine-macOS";
		};
		D4180A142BEA29EB006F2156 /* PBXContainerItemProxy */ = {
			isa = PBXContainerItemProxy;
			containerPortal = D4180A0C2BEA29EB006F2156 /* Nine-macOS.xcodeproj */;
			proxyType = 2;
			remoteGlobalIDString = D41809EF2BEA29EB006F2156;
			remoteInfo = "Nine-macOSTests";
		};
		D4180A162BEA29EB006F2156 /* PBXContainerItemProxy */ = {
			isa = PBXContainerItemProxy;
			containerPortal = D4180A0C2BEA29EB006F2156 /* Nine-macOS.xcodeproj */;
			proxyType = 2;
			remoteGlobalIDString = D41809F92BEA29EB006F2156;
			remoteInfo = "Nine-macOSUITests";
		};
		D4180A642BEA2B9B006F2156 /* PBXContainerItemProxy */ = {
			isa = PBXContainerItemProxy;
			containerPortal = D4180A5D2BEA2B9B006F2156 /* Nine-watchOS.xcodeproj */;
			proxyType = 2;
			remoteGlobalIDString = D4180A242BEA2B9A006F2156;
			remoteInfo = "Nine-watchOS";
		};
		D4180A662BEA2B9B006F2156 /* PBXContainerItemProxy */ = {
			isa = PBXContainerItemProxy;
			containerPortal = D4180A5D2BEA2B9B006F2156 /* Nine-watchOS.xcodeproj */;
			proxyType = 2;
			remoteGlobalIDString = D4180A2A2BEA2B9A006F2156;
			remoteInfo = "Nine-watchOS Watch App";
		};
		D4180A682BEA2B9B006F2156 /* PBXContainerItemProxy */ = {
			isa = PBXContainerItemProxy;
			containerPortal = D4180A5D2BEA2B9B006F2156 /* Nine-watchOS.xcodeproj */;
			proxyType = 2;
			remoteGlobalIDString = D4180A3C2BEA2B9B006F2156;
			remoteInfo = "Nine-watchOS Watch AppTests";
		};
		D4180A6A2BEA2B9B006F2156 /* PBXContainerItemProxy */ = {
			isa = PBXContainerItemProxy;
			containerPortal = D4180A5D2BEA2B9B006F2156 /* Nine-watchOS.xcodeproj */;
			proxyType = 2;
			remoteGlobalIDString = D4180A462BEA2B9B006F2156;
			remoteInfo = "Nine-watchOS Watch AppUITests";
		};
/* End PBXContainerItemProxy section */

/* Begin PBXFileReference section */
		D41809C42BEA2897006F2156 /* Nine-iOS.xcodeproj */ = {isa = PBXFileReference; lastKnownFileType = "wrapper.pb-project"; name = "Nine-iOS.xcodeproj"; path = "Nine-iOS/Nine-iOS.xcodeproj"; sourceTree = "<group>"; };
		D4180A0C2BEA29EB006F2156 /* Nine-macOS.xcodeproj */ = {isa = PBXFileReference; lastKnownFileType = "wrapper.pb-project"; name = "Nine-macOS.xcodeproj"; path = "Nine-macOS/Nine-macOS.xcodeproj"; sourceTree = "<group>"; };
		D4180A5D2BEA2B9B006F2156 /* Nine-watchOS.xcodeproj */ = {isa = PBXFileReference; lastKnownFileType = "wrapper.pb-project"; name = "Nine-watchOS.xcodeproj"; path = "Nine-watchOS/Nine-watchOS.xcodeproj"; sourceTree = "<group>"; };
/* End PBXFileReference section */

/* Begin PBXGroup section */
		D418098C2BEA2873006F2156 /* Apps */ = {
			isa = PBXGroup;
			children = (
				D41809C42BEA2897006F2156 /* Nine-iOS.xcodeproj */,
				D4180A0C2BEA29EB006F2156 /* Nine-macOS.xcodeproj */,
				D4180A5D2BEA2B9B006F2156 /* Nine-watchOS.xcodeproj */,
			);
			path = Apps;
			sourceTree = "<group>";
		};
		D418098D2BEA287A006F2156 /* Frameworks */ = {
			isa = PBXGroup;
			children = (
			);
			path = Frameworks;
			sourceTree = "<group>";
		};
		D41809C52BEA2897006F2156 /* Products */ = {
			isa = PBXGroup;
			children = (
				D41809CB2BEA2897006F2156 /* Nine-iOS.app */,
				D41809CD2BEA2897006F2156 /* Nine-iOSTests.xctest */,
				D41809CF2BEA2897006F2156 /* Nine-iOSUITests.xctest */,
			);
			name = Products;
			sourceTree = "<group>";
		};
		D4180A0D2BEA29EB006F2156 /* Products */ = {
			isa = PBXGroup;
			children = (
				D4180A132BEA29EB006F2156 /* Nine-macOS.app */,
				D4180A152BEA29EB006F2156 /* Nine-macOSTests.xctest */,
				D4180A172BEA29EB006F2156 /* Nine-macOSUITests.xctest */,
			);
			name = Products;
			sourceTree = "<group>";
		};
		D4180A5E2BEA2B9B006F2156 /* Products */ = {
			isa = PBXGroup;
			children = (
				D4180A652BEA2B9B006F2156 /* Nine-watchOS.app */,
				D4180A672BEA2B9B006F2156 /* Nine-watchOS Watch App.app */,
				D4180A692BEA2B9B006F2156 /* Nine-watchOS Watch AppTests.xctest */,
				D4180A6B2BEA2B9B006F2156 /* Nine-watchOS Watch AppUITests.xctest */,
			);
			name = Products;
			sourceTree = "<group>";
		};
		D43E6F392BEA15A30083F891 = {
			isa = PBXGroup;
			children = (
				D418098C2BEA2873006F2156 /* Apps */,
				D418098D2BEA287A006F2156 /* Frameworks */,
			);
			sourceTree = "<group>";
		};
/* End PBXGroup section */

/* Begin PBXProject section */
		D43E6F3A2BEA15A30083F891 /* Project object */ = {
			isa = PBXProject;
			attributes = {
				BuildIndependentTargetsInParallel = 1;
				LastSwiftUpdateCheck = 1530;
				LastUpgradeCheck = 1530;
			};
			buildConfigurationList = D43E6F3D2BEA15A30083F891 /* Build configuration list for PBXProject "Nine" */;
			compatibilityVersion = "Xcode 14.0";
			developmentRegion = en;
			hasScannedForEncodings = 0;
			knownRegions = (
				en,
				Base,
			);
			mainGroup = D43E6F392BEA15A30083F891;
			productRefGroup = D43E6F392BEA15A30083F891;
			projectDirPath = "";
			projectReferences = (
				{
					ProductGroup = D41809C52BEA2897006F2156 /* Products */;
					ProjectRef = D41809C42BEA2897006F2156 /* Nine-iOS.xcodeproj */;
				},
				{
					ProductGroup = D4180A0D2BEA29EB006F2156 /* Products */;
					ProjectRef = D4180A0C2BEA29EB006F2156 /* Nine-macOS.xcodeproj */;
				},
				{
					ProductGroup = D4180A5E2BEA2B9B006F2156 /* Products */;
					ProjectRef = D4180A5D2BEA2B9B006F2156 /* Nine-watchOS.xcodeproj */;
				},
			);
			projectRoot = "";
			targets = (
			);
		};
/* End PBXProject section */

/* Begin PBXReferenceProxy section */
		D41809CB2BEA2897006F2156 /* Nine-iOS.app */ = {
			isa = PBXReferenceProxy;
			fileType = wrapper.application;
			path = "Nine-iOS.app";
			remoteRef = D41809CA2BEA2897006F2156 /* PBXContainerItemProxy */;
			sourceTree = BUILT_PRODUCTS_DIR;
		};
		D41809CD2BEA2897006F2156 /* Nine-iOSTests.xctest */ = {
			isa = PBXReferenceProxy;
			fileType = wrapper.cfbundle;
			path = "Nine-iOSTests.xctest";
			remoteRef = D41809CC2BEA2897006F2156 /* PBXContainerItemProxy */;
			sourceTree = BUILT_PRODUCTS_DIR;
		};
		D41809CF2BEA2897006F2156 /* Nine-iOSUITests.xctest */ = {
			isa = PBXReferenceProxy;
			fileType = wrapper.cfbundle;
			path = "Nine-iOSUITests.xctest";
			remoteRef = D41809CE2BEA2897006F2156 /* PBXContainerItemProxy */;
			sourceTree = BUILT_PRODUCTS_DIR;
		};
		D4180A132BEA29EB006F2156 /* Nine-macOS.app */ = {
			isa = PBXReferenceProxy;
			fileType = wrapper.application;
			path = "Nine-macOS.app";
			remoteRef = D4180A122BEA29EB006F2156 /* PBXContainerItemProxy */;
			sourceTree = BUILT_PRODUCTS_DIR;
		};
		D4180A152BEA29EB006F2156 /* Nine-macOSTests.xctest */ = {
			isa = PBXReferenceProxy;
			fileType = wrapper.cfbundle;
			path = "Nine-macOSTests.xctest";
			remoteRef = D4180A142BEA29EB006F2156 /* PBXContainerItemProxy */;
			sourceTree = BUILT_PRODUCTS_DIR;
		};
		D4180A172BEA29EB006F2156 /* Nine-macOSUITests.xctest */ = {
			isa = PBXReferenceProxy;
			fileType = wrapper.cfbundle;
			path = "Nine-macOSUITests.xctest";
			remoteRef = D4180A162BEA29EB006F2156 /* PBXContainerItemProxy */;
			sourceTree = BUILT_PRODUCTS_DIR;
		};
		D4180A652BEA2B9B006F2156 /* Nine-watchOS.app */ = {
			isa = PBXReferenceProxy;
			fileType = wrapper.application;
			path = "Nine-watchOS.app";
			remoteRef = D4180A642BEA2B9B006F2156 /* PBXContainerItemProxy */;
			sourceTree = BUILT_PRODUCTS_DIR;
		};
		D4180A672BEA2B9B006F2156 /* Nine-watchOS Watch App.app */ = {
			isa = PBXReferenceProxy;
			fileType = wrapper.application;
			path = "Nine-watchOS Watch App.app";
			remoteRef = D4180A662BEA2B9B006F2156 /* PBXContainerItemProxy */;
			sourceTree = BUILT_PRODUCTS_DIR;
		};
		D4180A692BEA2B9B006F2156 /* Nine-watchOS Watch AppTests.xctest */ = {
			isa = PBXReferenceProxy;
			fileType = wrapper.cfbundle;
			path = "Nine-watchOS Watch AppTests.xctest";
			remoteRef = D4180A682BEA2B9B006F2156 /* PBXContainerItemProxy */;
			sourceTree = BUILT_PRODUCTS_DIR;
		};
		D4180A6B2BEA2B9B006F2156 /* Nine-watchOS Watch AppUITests.xctest */ = {
			isa = PBXReferenceProxy;
			fileType = wrapper.cfbundle;
			path = "Nine-watchOS Watch AppUITests.xctest";
			remoteRef = D4180A6A2BEA2B9B006F2156 /* PBXContainerItemProxy */;
			sourceTree = BUILT_PRODUCTS_DIR;
		};
/* End PBXReferenceProxy section */

/* Begin XCBuildConfiguration section */
		D43E6F652BEA15A40083F891 /* Debug */ = {
			isa = XCBuildConfiguration;
			buildSettings = {
				ALWAYS_SEARCH_USER_PATHS = NO;
				ASSETCATALOG_COMPILER_GENERATE_SWIFT_ASSET_SYMBOL_EXTENSIONS = YES;
				CLANG_ANALYZER_NONNULL = YES;
				CLANG_ANALYZER_NUMBER_OBJECT_CONVERSION = YES_AGGRESSIVE;
				CLANG_CXX_LANGUAGE_STANDARD = "gnu++20";
				CLANG_ENABLE_MODULES = YES;
				CLANG_ENABLE_OBJC_ARC = YES;
				CLANG_ENABLE_OBJC_WEAK = YES;
				CLANG_WARN_BLOCK_CAPTURE_AUTORELEASING = YES;
				CLANG_WARN_BOOL_CONVERSION = YES;
				CLANG_WARN_COMMA = YES;
				CLANG_WARN_CONSTANT_CONVERSION = YES;
				CLANG_WARN_DEPRECATED_OBJC_IMPLEMENTATIONS = YES;
				CLANG_WARN_DIRECT_OBJC_ISA_USAGE = YES_ERROR;
				CLANG_WARN_DOCUMENTATION_COMMENTS = YES;
				CLANG_WARN_EMPTY_BODY = YES;
				CLANG_WARN_ENUM_CONVERSION = YES;
				CLANG_WARN_INFINITE_RECURSION = YES;
				CLANG_WARN_INT_CONVERSION = YES;
				CLANG_WARN_NON_LITERAL_NULL_CONVERSION = YES;
				CLANG_WARN_OBJC_IMPLICIT_RETAIN_SELF = YES;
				CLANG_WARN_OBJC_LITERAL_CONVERSION = YES;
				CLANG_WARN_OBJC_ROOT_CLASS = YES_ERROR;
				CLANG_WARN_QUOTED_INCLUDE_IN_FRAMEWORK_HEADER = YES;
				CLANG_WARN_RANGE_LOOP_ANALYSIS = YES;
				CLANG_WARN_STRICT_PROTOTYPES = YES;
				CLANG_WARN_SUSPICIOUS_MOVE = YES;
				CLANG_WARN_UNGUARDED_AVAILABILITY = YES_AGGRESSIVE;
				CLANG_WARN_UNREACHABLE_CODE = YES;
				CLANG_WARN__DUPLICATE_METHOD_MATCH = YES;
				COPY_PHASE_STRIP = NO;
				DEBUG_INFORMATION_FORMAT = dwarf;
				ENABLE_STRICT_OBJC_MSGSEND = YES;
				ENABLE_TESTABILITY = YES;
				ENABLE_USER_SCRIPT_SANDBOXING = YES;
				GCC_C_LANGUAGE_STANDARD = gnu17;
				GCC_DYNAMIC_NO_PIC = NO;
				GCC_NO_COMMON_BLOCKS = YES;
				GCC_OPTIMIZATION_LEVEL = 0;
				GCC_PREPROCESSOR_DEFINITIONS = (
					"DEBUG=1",
					"$(inherited)",
				);
				GCC_WARN_64_TO_32_BIT_CONVERSION = YES;
				GCC_WARN_ABOUT_RETURN_TYPE = YES_ERROR;
				GCC_WARN_UNDECLARED_SELECTOR = YES;
				GCC_WARN_UNINITIALIZED_AUTOS = YES_AGGRESSIVE;
				GCC_WARN_UNUSED_FUNCTION = YES;
				GCC_WARN_UNUSED_VARIABLE = YES;
				LOCALIZATION_PREFERS_STRING_CATALOGS = YES;
				MTL_ENABLE_DEBUG_INFO = INCLUDE_SOURCE;
				MTL_FAST_MATH = YES;
				ONLY_ACTIVE_ARCH = YES;
				SWIFT_ACTIVE_COMPILATION_CONDITIONS = "DEBUG $(inherited)";
				SWIFT_OPTIMIZATION_LEVEL = "-Onone";
			};
			name = Debug;
		};
		D43E6F662BEA15A40083F891 /* Release */ = {
			isa = XCBuildConfiguration;
			buildSettings = {
				ALWAYS_SEARCH_USER_PATHS = NO;
				ASSETCATALOG_COMPILER_GENERATE_SWIFT_ASSET_SYMBOL_EXTENSIONS = YES;
				CLANG_ANALYZER_NONNULL = YES;
				CLANG_ANALYZER_NUMBER_OBJECT_CONVERSION = YES_AGGRESSIVE;
				CLANG_CXX_LANGUAGE_STANDARD = "gnu++20";
				CLANG_ENABLE_MODULES = YES;
				CLANG_ENABLE_OBJC_ARC = YES;
				CLANG_ENABLE_OBJC_WEAK = YES;
				CLANG_WARN_BLOCK_CAPTURE_AUTORELEASING = YES;
				CLANG_WARN_BOOL_CONVERSION = YES;
				CLANG_WARN_COMMA = YES;
				CLANG_WARN_CONSTANT_CONVERSION = YES;
				CLANG_WARN_DEPRECATED_OBJC_IMPLEMENTATIONS = YES;
				CLANG_WARN_DIRECT_OBJC_ISA_USAGE = YES_ERROR;
				CLANG_WARN_DOCUMENTATION_COMMENTS = YES;
				CLANG_WARN_EMPTY_BODY = YES;
				CLANG_WARN_ENUM_CONVERSION = YES;
				CLANG_WARN_INFINITE_RECURSION = YES;
				CLANG_WARN_INT_CONVERSION = YES;
				CLANG_WARN_NON_LITERAL_NULL_CONVERSION = YES;
				CLANG_WARN_OBJC_IMPLICIT_RETAIN_SELF = YES;
				CLANG_WARN_OBJC_LITERAL_CONVERSION = YES;
				CLANG_WARN_OBJC_ROOT_CLASS = YES_ERROR;
				CLANG_WARN_QUOTED_INCLUDE_IN_FRAMEWORK_HEADER = YES;
				CLANG_WARN_RANGE_LOOP_ANALYSIS = YES;
				CLANG_WARN_STRICT_PROTOTYPES = YES;
				CLANG_WARN_SUSPICIOUS_MOVE = YES;
				CLANG_WARN_UNGUARDED_AVAILABILITY = YES_AGGRESSIVE;
				CLANG_WARN_UNREACHABLE_CODE = YES;
				CLANG_WARN__DUPLICATE_METHOD_MATCH = YES;
				COPY_PHASE_STRIP = NO;
				DEBUG_INFORMATION_FORMAT = "dwarf-with-dsym";
				ENABLE_NS_ASSERTIONS = NO;
				ENABLE_STRICT_OBJC_MSGSEND = YES;
				ENABLE_USER_SCRIPT_SANDBOXING = YES;
				GCC_C_LANGUAGE_STANDARD = gnu17;
				GCC_NO_COMMON_BLOCKS = YES;
				GCC_WARN_64_TO_32_BIT_CONVERSION = YES;
				GCC_WARN_ABOUT_RETURN_TYPE = YES_ERROR;
				GCC_WARN_UNDECLARED_SELECTOR = YES;
				GCC_WARN_UNINITIALIZED_AUTOS = YES_AGGRESSIVE;
				GCC_WARN_UNUSED_FUNCTION = YES;
				GCC_WARN_UNUSED_VARIABLE = YES;
				LOCALIZATION_PREFERS_STRING_CATALOGS = YES;
				MTL_ENABLE_DEBUG_INFO = NO;
				MTL_FAST_MATH = YES;
				SWIFT_COMPILATION_MODE = wholemodule;
			};
			name = Release;
		};
/* End XCBuildConfiguration section */

/* Begin XCConfigurationList section */
		D43E6F3D2BEA15A30083F891 /* Build configuration list for PBXProject "Nine" */ = {
			isa = XCConfigurationList;
			buildConfigurations = (
				D43E6F652BEA15A40083F891 /* Debug */,
				D43E6F662BEA15A40083F891 /* Release */,
			);
			defaultConfigurationIsVisible = 0;
			defaultConfigurationName = Release;
		};
/* End XCConfigurationList section */
	};
	rootObject = D43E6F3A2BEA15A30083F891 /* Project object */;
}
