// !$*UTF8*$!
{
	archiveVersion = 1;
	classes = {
	};
	objectVersion = 56;
	objects = {

/* Begin PBXBuildFile section */
		D43E6F462BEA15A30083F891 /* NineApp.swift in Sources */ = {isa = PBXBuildFile; fileRef = D43E6F452BEA15A30083F891 /* NineApp.swift */; };
		D43E6F482BEA15A30083F891 /* ContentView.swift in Sources */ = {isa = PBXBuildFile; fileRef = D43E6F472BEA15A30083F891 /* ContentView.swift */; };
		D43E6F4A2BEA15A40083F891 /* Assets.xcassets in Resources */ = {isa = PBXBuildFile; fileRef = D43E6F492BEA15A40083F891 /* Assets.xcassets */; };
		D43E6F4E2BEA15A40083F891 /* Preview Assets.xcassets in Resources */ = {isa = PBXBuildFile; fileRef = D43E6F4D2BEA15A40083F891 /* Preview Assets.xcassets */; };
		D43E6F582BEA15A40083F891 /* NineTests.swift in Sources */ = {isa = PBXBuildFile; fileRef = D43E6F572BEA15A40083F891 /* NineTests.swift */; };
		D43E6F622BEA15A40083F891 /* NineUITests.swift in Sources */ = {isa = PBXBuildFile; fileRef = D43E6F612BEA15A40083F891 /* NineUITests.swift */; };
		D43E6F642BEA15A40083F891 /* NineUITestsLaunchTests.swift in Sources */ = {isa = PBXBuildFile; fileRef = D43E6F632BEA15A40083F891 /* NineUITestsLaunchTests.swift */; };
/* End PBXBuildFile section */

/* Begin PBXContainerItemProxy section */
		D43E6F542BEA15A40083F891 /* PBXContainerItemProxy */ = {
			isa = PBXContainerItemProxy;
			containerPortal = D43E6F3A2BEA15A30083F891 /* Project object */;
			proxyType = 1;
			remoteGlobalIDString = D43E6F412BEA15A30083F891;
			remoteInfo = Nine;
		};
		D43E6F5E2BEA15A40083F891 /* PBXContainerItemProxy */ = {
			isa = PBXContainerItemProxy;
			containerPortal = D43E6F3A2BEA15A30083F891 /* Project object */;
			proxyType = 1;
			remoteGlobalIDString = D43E6F412BEA15A30083F891;
			remoteInfo = Nine;
		};
/* End PBXContainerItemProxy section */

/* Begin PBXFileReference section */
		D43E6F452BEA15A30083F891 /* NineApp.swift */ = {isa = PBXFileReference; lastKnownFileType = sourcecode.swift; path = NineApp.swift; sourceTree = "<group>"; };
		D43E6F472BEA15A30083F891 /* ContentView.swift */ = {isa = PBXFileReference; lastKnownFileType = sourcecode.swift; path = ContentView.swift; sourceTree = "<group>"; };
		D43E6F492BEA15A40083F891 /* Assets.xcassets */ = {isa = PBXFileReference; lastKnownFileType = folder.assetcatalog; path = Assets.xcassets; sourceTree = "<group>"; };
		D43E6F4B2BEA15A40083F891 /* Nine.entitlements */ = {isa = PBXFileReference; lastKnownFileType = text.plist.entitlements; path = Nine.entitlements; sourceTree = "<group>"; };
		D43E6F4D2BEA15A40083F891 /* Preview Assets.xcassets */ = {isa = PBXFileReference; lastKnownFileType = folder.assetcatalog; path = "Preview Assets.xcassets"; sourceTree = "<group>"; };
		D43E6F532BEA15A40083F891 /* NineTests.xctest */ = {isa = PBXFileReference; explicitFileType = wrapper.cfbundle; includeInIndex = 0; name = NineTests.xctest; path = "/Users/rob/XCode Projects/Sandbox/Nine/build/Debug/Nine.app/Contents/PlugIns/NineTests.xctest"; sourceTree = "<absolute>"; };
		D43E6F572BEA15A40083F891 /* NineTests.swift */ = {isa = PBXFileReference; lastKnownFileType = sourcecode.swift; path = NineTests.swift; sourceTree = "<group>"; };
		D43E6F5D2BEA15A40083F891 /* NineUITests.xctest */ = {isa = PBXFileReference; explicitFileType = wrapper.cfbundle; includeInIndex = 0; name = NineUITests.xctest; path = "/Users/rob/XCode Projects/Sandbox/Nine/build/Debug/NineUITests-Runner.app/Contents/PlugIns/NineUITests.xctest"; sourceTree = "<absolute>"; };
		D43E6F612BEA15A40083F891 /* NineUITests.swift */ = {isa = PBXFileReference; lastKnownFileType = sourcecode.swift; path = NineUITests.swift; sourceTree = "<group>"; };
		D43E6F632BEA15A40083F891 /* NineUITestsLaunchTests.swift */ = {isa = PBXFileReference; lastKnownFileType = sourcecode.swift; path = NineUITestsLaunchTests.swift; sourceTree = "<group>"; };
		D43E6F752BEA165E0083F891 /* Nine.app */ = {isa = PBXFileReference; explicitFileType = wrapper.application; includeInIndex = 0; path = Nine.app; sourceTree = BUILT_PRODUCTS_DIR; };
/* End PBXFileReference section */

/* Begin PBXFrameworksBuildPhase section */
		D43E6F3F2BEA15A30083F891 /* Frameworks */ = {
			isa = PBXFrameworksBuildPhase;
			buildActionMask = 2147483647;
			files = (
			);
			runOnlyForDeploymentPostprocessing = 0;
		};
		D43E6F502BEA15A40083F891 /* Frameworks */ = {
			isa = PBXFrameworksBuildPhase;
			buildActionMask = 2147483647;
			files = (
			);
			runOnlyForDeploymentPostprocessing = 0;
		};
		D43E6F5A2BEA15A40083F891 /* Frameworks */ = {
			isa = PBXFrameworksBuildPhase;
			buildActionMask = 2147483647;
			files = (
			);
			runOnlyForDeploymentPostprocessing = 0;
		};
/* End PBXFrameworksBuildPhase section */

/* Begin PBXGroup section */
		D43E6F392BEA15A30083F891 = {
			isa = PBXGroup;
			children = (
				D43E6F702BEA15D30083F891 /* Sources */,
				D43E6F712BEA15E20083F891 /* Tests */,
				D43E6F752BEA165E0083F891 /* Nine.app */,
			);
			sourceTree = "<group>";
		};
		D43E6F4C2BEA15A40083F891 /* Preview Content */ = {
			isa = PBXGroup;
			children = (
				D43E6F4D2BEA15A40083F891 /* Preview Assets.xcassets */,
			);
			path = "Preview Content";
			sourceTree = "<group>";
		};
		D43E6F562BEA15A40083F891 /* NineTests */ = {
			isa = PBXGroup;
			children = (
				D43E6F572BEA15A40083F891 /* NineTests.swift */,
			);
			path = NineTests;
			sourceTree = "<group>";
		};
		D43E6F602BEA15A40083F891 /* NineUITests */ = {
			isa = PBXGroup;
			children = (
				D43E6F612BEA15A40083F891 /* NineUITests.swift */,
				D43E6F632BEA15A40083F891 /* NineUITestsLaunchTests.swift */,
			);
			path = NineUITests;
			sourceTree = "<group>";
		};
		D43E6F702BEA15D30083F891 /* Sources */ = {
			isa = PBXGroup;
			children = (
				D43E6F722BEA15FB0083F891 /* Base */,
				D43E6F742BEA160B0083F891 /* Resources */,
				D43E6F732BEA16010083F891 /* View */,
			);
			path = Sources;
			sourceTree = "<group>";
		};
		D43E6F712BEA15E20083F891 /* Tests */ = {
			isa = PBXGroup;
			children = (
				D43E6F562BEA15A40083F891 /* NineTests */,
				D43E6F602BEA15A40083F891 /* NineUITests */,
			);
			path = Tests;
			sourceTree = "<group>";
		};
		D43E6F722BEA15FB0083F891 /* Base */ = {
			isa = PBXGroup;
			children = (
				D43E6F452BEA15A30083F891 /* NineApp.swift */,
			);
			path = Base;
			sourceTree = "<group>";
		};
		D43E6F732BEA16010083F891 /* View */ = {
			isa = PBXGroup;
			children = (
				D43E6F472BEA15A30083F891 /* ContentView.swift */,
			);
			path = View;
			sourceTree = "<group>";
		};
		D43E6F742BEA160B0083F891 /* Resources */ = {
			isa = PBXGroup;
			children = (
				D43E6F4B2BEA15A40083F891 /* Nine.entitlements */,
				D43E6F492BEA15A40083F891 /* Assets.xcassets */,
				D43E6F4C2BEA15A40083F891 /* Preview Content */,
			);
			path = Resources;
			sourceTree = "<group>";
		};
/* End PBXGroup section */

/* Begin PBXNativeTarget section */
		D43E6F412BEA15A30083F891 /* Nine */ = {
			isa = PBXNativeTarget;
			buildConfigurationList = D43E6F672BEA15A40083F891 /* Build configuration list for PBXNativeTarget "Nine" */;
			buildPhases = (
				D43E6F3E2BEA15A30083F891 /* Sources */,
				D43E6F3F2BEA15A30083F891 /* Frameworks */,
				D43E6F402BEA15A30083F891 /* Resources */,
			);
			buildRules = (
			);
			dependencies = (
			);
			name = Nine;
			productName = Nine;
			productReference = D43E6F752BEA165E0083F891 /* Nine.app */;
			productType = "com.apple.product-type.application";
		};
		D43E6F522BEA15A40083F891 /* NineTests */ = {
			isa = PBXNativeTarget;
			buildConfigurationList = D43E6F6A2BEA15A40083F891 /* Build configuration list for PBXNativeTarget "NineTests" */;
			buildPhases = (
				D43E6F4F2BEA15A40083F891 /* Sources */,
				D43E6F502BEA15A40083F891 /* Frameworks */,
				D43E6F512BEA15A40083F891 /* Resources */,
			);
			buildRules = (
			);
			dependencies = (
				D43E6F552BEA15A40083F891 /* PBXTargetDependency */,
			);
			name = NineTests;
			productName = NineTests;
			productReference = D43E6F532BEA15A40083F891 /* NineTests.xctest */;
			productType = "com.apple.product-type.bundle.unit-test";
		};
		D43E6F5C2BEA15A40083F891 /* NineUITests */ = {
			isa = PBXNativeTarget;
			buildConfigurationList = D43E6F6D2BEA15A40083F891 /* Build configuration list for PBXNativeTarget "NineUITests" */;
			buildPhases = (
				D43E6F592BEA15A40083F891 /* Sources */,
				D43E6F5A2BEA15A40083F891 /* Frameworks */,
				D43E6F5B2BEA15A40083F891 /* Resources */,
			);
			buildRules = (
			);
			dependencies = (
				D43E6F5F2BEA15A40083F891 /* PBXTargetDependency */,
			);
			name = NineUITests;
			productName = NineUITests;
			productReference = D43E6F5D2BEA15A40083F891 /* NineUITests.xctest */;
			productType = "com.apple.product-type.bundle.ui-testing";
		};
/* End PBXNativeTarget section */

/* Begin PBXProject section */
		D43E6F3A2BEA15A30083F891 /* Project object */ = {
			isa = PBXProject;
			attributes = {
				BuildIndependentTargetsInParallel = 1;
				LastSwiftUpdateCheck = 1530;
				LastUpgradeCheck = 1530;
				TargetAttributes = {
					D43E6F412BEA15A30083F891 = {
						CreatedOnToolsVersion = 15.3;
					};
					D43E6F522BEA15A40083F891 = {
						CreatedOnToolsVersion = 15.3;
						TestTargetID = D43E6F412BEA15A30083F891;
					};
					D43E6F5C2BEA15A40083F891 = {
						CreatedOnToolsVersion = 15.3;
						TestTargetID = D43E6F412BEA15A30083F891;
					};
				};
			};
			buildConfigurationList = D43E6F3D2BEA15A30083F891 /* Build configuration list for PBXProject "Nine" */;
			compatibilityVersion = "Xcode 14.0";
			developmentRegion = en;
			hasScannedForEncodings = 0;
			knownRegions = (
				en,
				Base,
			);
			mainGroup = D43E6F392BEA15A30083F891;
			productRefGroup = D43E6F392BEA15A30083F891;
			projectDirPath = "";
			projectRoot = "";
			targets = (
				D43E6F412BEA15A30083F891 /* Nine */,
				D43E6F522BEA15A40083F891 /* NineTests */,
				D43E6F5C2BEA15A40083F891 /* NineUITests */,
			);
		};
/* End PBXProject section */

/* Begin PBXResourcesBuildPhase section */
		D43E6F402BEA15A30083F891 /* Resources */ = {
			isa = PBXResourcesBuildPhase;
			buildActionMask = 2147483647;
			files = (
				D43E6F4E2BEA15A40083F891 /* Preview Assets.xcassets in Resources */,
				D43E6F4A2BEA15A40083F891 /* Assets.xcassets in Resources */,
			);
			runOnlyForDeploymentPostprocessing = 0;
		};
		D43E6F512BEA15A40083F891 /* Resources */ = {
			isa = PBXResourcesBuildPhase;
			buildActionMask = 2147483647;
			files = (
			);
			runOnlyForDeploymentPostprocessing = 0;
		};
		D43E6F5B2BEA15A40083F891 /* Resources */ = {
			isa = PBXResourcesBuildPhase;
			buildActionMask = 2147483647;
			files = (
			);
			runOnlyForDeploymentPostprocessing = 0;
		};
/* End PBXResourcesBuildPhase section */

/* Begin PBXSourcesBuildPhase section */
		D43E6F3E2BEA15A30083F891 /* Sources */ = {
			isa = PBXSourcesBuildPhase;
			buildActionMask = 2147483647;
			files = (
				D43E6F482BEA15A30083F891 /* ContentView.swift in Sources */,
				D43E6F462BEA15A30083F891 /* NineApp.swift in Sources */,
			);
			runOnlyForDeploymentPostprocessing = 0;
		};
		D43E6F4F2BEA15A40083F891 /* Sources */ = {
			isa = PBXSourcesBuildPhase;
			buildActionMask = 2147483647;
			files = (
				D43E6F582BEA15A40083F891 /* NineTests.swift in Sources */,
			);
			runOnlyForDeploymentPostprocessing = 0;
		};
		D43E6F592BEA15A40083F891 /* Sources */ = {
			isa = PBXSourcesBuildPhase;
			buildActionMask = 2147483647;
			files = (
				D43E6F642BEA15A40083F891 /* NineUITestsLaunchTests.swift in Sources */,
				D43E6F622BEA15A40083F891 /* NineUITests.swift in Sources */,
			);
			runOnlyForDeploymentPostprocessing = 0;
		};
/* End PBXSourcesBuildPhase section */

/* Begin PBXTargetDependency section */
		D43E6F552BEA15A40083F891 /* PBXTargetDependency */ = {
			isa = PBXTargetDependency;
			target = D43E6F412BEA15A30083F891 /* Nine */;
			targetProxy = D43E6F542BEA15A40083F891 /* PBXContainerItemProxy */;
		};
		D43E6F5F2BEA15A40083F891 /* PBXTargetDependency */ = {
			isa = PBXTargetDependency;
			target = D43E6F412BEA15A30083F891 /* Nine */;
			targetProxy = D43E6F5E2BEA15A40083F891 /* PBXContainerItemProxy */;
		};
/* End PBXTargetDependency section */

/* Begin XCBuildConfiguration section */
		D43E6F652BEA15A40083F891 /* Debug */ = {
			isa = XCBuildConfiguration;
			buildSettings = {
				ALWAYS_SEARCH_USER_PATHS = NO;
				ASSETCATALOG_COMPILER_GENERATE_SWIFT_ASSET_SYMBOL_EXTENSIONS = YES;
				CLANG_ANALYZER_NONNULL = YES;
				CLANG_ANALYZER_NUMBER_OBJECT_CONVERSION = YES_AGGRESSIVE;
				CLANG_CXX_LANGUAGE_STANDARD = "gnu++20";
				CLANG_ENABLE_MODULES = YES;
				CLANG_ENABLE_OBJC_ARC = YES;
				CLANG_ENABLE_OBJC_WEAK = YES;
				CLANG_WARN_BLOCK_CAPTURE_AUTORELEASING = YES;
				CLANG_WARN_BOOL_CONVERSION = YES;
				CLANG_WARN_COMMA = YES;
				CLANG_WARN_CONSTANT_CONVERSION = YES;
				CLANG_WARN_DEPRECATED_OBJC_IMPLEMENTATIONS = YES;
				CLANG_WARN_DIRECT_OBJC_ISA_USAGE = YES_ERROR;
				CLANG_WARN_DOCUMENTATION_COMMENTS = YES;
				CLANG_WARN_EMPTY_BODY = YES;
				CLANG_WARN_ENUM_CONVERSION = YES;
				CLANG_WARN_INFINITE_RECURSION = YES;
				CLANG_WARN_INT_CONVERSION = YES;
				CLANG_WARN_NON_LITERAL_NULL_CONVERSION = YES;
				CLANG_WARN_OBJC_IMPLICIT_RETAIN_SELF = YES;
				CLANG_WARN_OBJC_LITERAL_CONVERSION = YES;
				CLANG_WARN_OBJC_ROOT_CLASS = YES_ERROR;
				CLANG_WARN_QUOTED_INCLUDE_IN_FRAMEWORK_HEADER = YES;
				CLANG_WARN_RANGE_LOOP_ANALYSIS = YES;
				CLANG_WARN_STRICT_PROTOTYPES = YES;
				CLANG_WARN_SUSPICIOUS_MOVE = YES;
				CLANG_WARN_UNGUARDED_AVAILABILITY = YES_AGGRESSIVE;
				CLANG_WARN_UNREACHABLE_CODE = YES;
				CLANG_WARN__DUPLICATE_METHOD_MATCH = YES;
				COPY_PHASE_STRIP = NO;
				DEBUG_INFORMATION_FORMAT = dwarf;
				ENABLE_STRICT_OBJC_MSGSEND = YES;
				ENABLE_TESTABILITY = YES;
				ENABLE_USER_SCRIPT_SANDBOXING = YES;
				GCC_C_LANGUAGE_STANDARD = gnu17;
				GCC_DYNAMIC_NO_PIC = NO;
				GCC_NO_COMMON_BLOCKS = YES;
				GCC_OPTIMIZATION_LEVEL = 0;
				GCC_PREPROCESSOR_DEFINITIONS = (
					"DEBUG=1",
					"$(inherited)",
				);
				GCC_WARN_64_TO_32_BIT_CONVERSION = YES;
				GCC_WARN_ABOUT_RETURN_TYPE = YES_ERROR;
				GCC_WARN_UNDECLARED_SELECTOR = YES;
				GCC_WARN_UNINITIALIZED_AUTOS = YES_AGGRESSIVE;
				GCC_WARN_UNUSED_FUNCTION = YES;
				GCC_WARN_UNUSED_VARIABLE = YES;
				LOCALIZATION_PREFERS_STRING_CATALOGS = YES;
				MTL_ENABLE_DEBUG_INFO = INCLUDE_SOURCE;
				MTL_FAST_MATH = YES;
				ONLY_ACTIVE_ARCH = YES;
				SWIFT_ACTIVE_COMPILATION_CONDITIONS = "DEBUG $(inherited)";
				SWIFT_OPTIMIZATION_LEVEL = "-Onone";
			};
			name = Debug;
		};
		D43E6F662BEA15A40083F891 /* Release */ = {
			isa = XCBuildConfiguration;
			buildSettings = {
				ALWAYS_SEARCH_USER_PATHS = NO;
				ASSETCATALOG_COMPILER_GENERATE_SWIFT_ASSET_SYMBOL_EXTENSIONS = YES;
				CLANG_ANALYZER_NONNULL = YES;
				CLANG_ANALYZER_NUMBER_OBJECT_CONVERSION = YES_AGGRESSIVE;
				CLANG_CXX_LANGUAGE_STANDARD = "gnu++20";
				CLANG_ENABLE_MODULES = YES;
				CLANG_ENABLE_OBJC_ARC = YES;
				CLANG_ENABLE_OBJC_WEAK = YES;
				CLANG_WARN_BLOCK_CAPTURE_AUTORELEASING = YES;
				CLANG_WARN_BOOL_CONVERSION = YES;
				CLANG_WARN_COMMA = YES;
				CLANG_WARN_CONSTANT_CONVERSION = YES;
				CLANG_WARN_DEPRECATED_OBJC_IMPLEMENTATIONS = YES;
				CLANG_WARN_DIRECT_OBJC_ISA_USAGE = YES_ERROR;
				CLANG_WARN_DOCUMENTATION_COMMENTS = YES;
				CLANG_WARN_EMPTY_BODY = YES;
				CLANG_WARN_ENUM_CONVERSION = YES;
				CLANG_WARN_INFINITE_RECURSION = YES;
				CLANG_WARN_INT_CONVERSION = YES;
				CLANG_WARN_NON_LITERAL_NULL_CONVERSION = YES;
				CLANG_WARN_OBJC_IMPLICIT_RETAIN_SELF = YES;
				CLANG_WARN_OBJC_LITERAL_CONVERSION = YES;
				CLANG_WARN_OBJC_ROOT_CLASS = YES_ERROR;
				CLANG_WARN_QUOTED_INCLUDE_IN_FRAMEWORK_HEADER = YES;
				CLANG_WARN_RANGE_LOOP_ANALYSIS = YES;
				CLANG_WARN_STRICT_PROTOTYPES = YES;
				CLANG_WARN_SUSPICIOUS_MOVE = YES;
				CLANG_WARN_UNGUARDED_AVAILABILITY = YES_AGGRESSIVE;
				CLANG_WARN_UNREACHABLE_CODE = YES;
				CLANG_WARN__DUPLICATE_METHOD_MATCH = YES;
				COPY_PHASE_STRIP = NO;
				DEBUG_INFORMATION_FORMAT = "dwarf-with-dsym";
				ENABLE_NS_ASSERTIONS = NO;
				ENABLE_STRICT_OBJC_MSGSEND = YES;
				ENABLE_USER_SCRIPT_SANDBOXING = YES;
				GCC_C_LANGUAGE_STANDARD = gnu17;
				GCC_NO_COMMON_BLOCKS = YES;
				GCC_WARN_64_TO_32_BIT_CONVERSION = YES;
				GCC_WARN_ABOUT_RETURN_TYPE = YES_ERROR;
				GCC_WARN_UNDECLARED_SELECTOR = YES;
				GCC_WARN_UNINITIALIZED_AUTOS = YES_AGGRESSIVE;
				GCC_WARN_UNUSED_FUNCTION = YES;
				GCC_WARN_UNUSED_VARIABLE = YES;
				LOCALIZATION_PREFERS_STRING_CATALOGS = YES;
				MTL_ENABLE_DEBUG_INFO = NO;
				MTL_FAST_MATH = YES;
				SWIFT_COMPILATION_MODE = wholemodule;
			};
			name = Release;
		};
		D43E6F682BEA15A40083F891 /* Debug */ = {
			isa = XCBuildConfiguration;
			buildSettings = {
				ASSETCATALOG_COMPILER_APPICON_NAME = AppIcon;
				ASSETCATALOG_COMPILER_GLOBAL_ACCENT_COLOR_NAME = AccentColor;
				CODE_SIGN_ENTITLEMENTS = Sources/Resources/Nine.entitlements;
				CODE_SIGN_STYLE = Automatic;
				CURRENT_PROJECT_VERSION = 1;
				DEVELOPMENT_ASSET_PATHS = "\"Sources/Resources/Preview Content\"";
				DEVELOPMENT_TEAM = SRD9PR5GCG;
				ENABLE_HARDENED_RUNTIME = YES;
				ENABLE_PREVIEWS = YES;
				GENERATE_INFOPLIST_FILE = YES;
				"INFOPLIST_KEY_UIApplicationSceneManifest_Generation[sdk=iphoneos*]" = YES;
				"INFOPLIST_KEY_UIApplicationSceneManifest_Generation[sdk=iphonesimulator*]" = YES;
				"INFOPLIST_KEY_UIApplicationSupportsIndirectInputEvents[sdk=iphoneos*]" = YES;
				"INFOPLIST_KEY_UIApplicationSupportsIndirectInputEvents[sdk=iphonesimulator*]" = YES;
				"INFOPLIST_KEY_UILaunchScreen_Generation[sdk=iphoneos*]" = YES;
				"INFOPLIST_KEY_UILaunchScreen_Generation[sdk=iphonesimulator*]" = YES;
				"INFOPLIST_KEY_UIStatusBarStyle[sdk=iphoneos*]" = UIStatusBarStyleDefault;
				"INFOPLIST_KEY_UIStatusBarStyle[sdk=iphonesimulator*]" = UIStatusBarStyleDefault;
				INFOPLIST_KEY_UISupportedInterfaceOrientations_iPad = "UIInterfaceOrientationPortrait UIInterfaceOrientationPortraitUpsideDown UIInterfaceOrientationLandscapeLeft UIInterfaceOrientationLandscapeRight";
				INFOPLIST_KEY_UISupportedInterfaceOrientations_iPhone = "UIInterfaceOrientationPortrait UIInterfaceOrientationLandscapeLeft UIInterfaceOrientationLandscapeRight";
				IPHONEOS_DEPLOYMENT_TARGET = 17.4;
				LD_RUNPATH_SEARCH_PATHS = "@executable_path/Frameworks";
				"LD_RUNPATH_SEARCH_PATHS[sdk=macosx*]" = "@executable_path/../Frameworks";
				MACOSX_DEPLOYMENT_TARGET = 14.4;
				MARKETING_VERSION = 1.0;
				PRODUCT_BUNDLE_IDENTIFIER = com.rob.Nine;
				PRODUCT_NAME = "$(TARGET_NAME)";
				SDKROOT = auto;
				SUPPORTED_PLATFORMS = "iphoneos iphonesimulator macosx";
				SWIFT_EMIT_LOC_STRINGS = YES;
				SWIFT_VERSION = 5.0;
				TARGETED_DEVICE_FAMILY = "1,2";
			};
			name = Debug;
		};
		D43E6F692BEA15A40083F891 /* Release */ = {
			isa = XCBuildConfiguration;
			buildSettings = {
				ASSETCATALOG_COMPILER_APPICON_NAME = AppIcon;
				ASSETCATALOG_COMPILER_GLOBAL_ACCENT_COLOR_NAME = AccentColor;
				CODE_SIGN_ENTITLEMENTS = Sources/Resources/Nine.entitlements;
				CODE_SIGN_STYLE = Automatic;
				CURRENT_PROJECT_VERSION = 1;
				DEVELOPMENT_ASSET_PATHS = "\"Sources/Resources/Preview Content\"";
				DEVELOPMENT_TEAM = SRD9PR5GCG;
				ENABLE_HARDENED_RUNTIME = YES;
				ENABLE_PREVIEWS = YES;
				GENERATE_INFOPLIST_FILE = YES;
				"INFOPLIST_KEY_UIApplicationSceneManifest_Generation[sdk=iphoneos*]" = YES;
				"INFOPLIST_KEY_UIApplicationSceneManifest_Generation[sdk=iphonesimulator*]" = YES;
				"INFOPLIST_KEY_UIApplicationSupportsIndirectInputEvents[sdk=iphoneos*]" = YES;
				"INFOPLIST_KEY_UIApplicationSupportsIndirectInputEvents[sdk=iphonesimulator*]" = YES;
				"INFOPLIST_KEY_UILaunchScreen_Generation[sdk=iphoneos*]" = YES;
				"INFOPLIST_KEY_UILaunchScreen_Generation[sdk=iphonesimulator*]" = YES;
				"INFOPLIST_KEY_UIStatusBarStyle[sdk=iphoneos*]" = UIStatusBarStyleDefault;
				"INFOPLIST_KEY_UIStatusBarStyle[sdk=iphonesimulator*]" = UIStatusBarStyleDefault;
				INFOPLIST_KEY_UISupportedInterfaceOrientations_iPad = "UIInterfaceOrientationPortrait UIInterfaceOrientationPortraitUpsideDown UIInterfaceOrientationLandscapeLeft UIInterfaceOrientationLandscapeRight";
				INFOPLIST_KEY_UISupportedInterfaceOrientations_iPhone = "UIInterfaceOrientationPortrait UIInterfaceOrientationLandscapeLeft UIInterfaceOrientationLandscapeRight";
				IPHONEOS_DEPLOYMENT_TARGET = 17.4;
				LD_RUNPATH_SEARCH_PATHS = "@executable_path/Frameworks";
				"LD_RUNPATH_SEARCH_PATHS[sdk=macosx*]" = "@executable_path/../Frameworks";
				MACOSX_DEPLOYMENT_TARGET = 14.4;
				MARKETING_VERSION = 1.0;
				PRODUCT_BUNDLE_IDENTIFIER = com.rob.Nine;
				PRODUCT_NAME = "$(TARGET_NAME)";
				SDKROOT = auto;
				SUPPORTED_PLATFORMS = "iphoneos iphonesimulator macosx";
				SWIFT_EMIT_LOC_STRINGS = YES;
				SWIFT_VERSION = 5.0;
				TARGETED_DEVICE_FAMILY = "1,2";
			};
			name = Release;
		};
		D43E6F6B2BEA15A40083F891 /* Debug */ = {
			isa = XCBuildConfiguration;
			buildSettings = {
				ALWAYS_EMBED_SWIFT_STANDARD_LIBRARIES = YES;
				BUNDLE_LOADER = "$(TEST_HOST)";
				CODE_SIGN_STYLE = Automatic;
				CURRENT_PROJECT_VERSION = 1;
				DEVELOPMENT_TEAM = SRD9PR5GCG;
				GENERATE_INFOPLIST_FILE = YES;
				IPHONEOS_DEPLOYMENT_TARGET = 17.4;
				MACOSX_DEPLOYMENT_TARGET = 14.4;
				MARKETING_VERSION = 1.0;
				PRODUCT_BUNDLE_IDENTIFIER = com.rob.NineTests;
				PRODUCT_NAME = "$(TARGET_NAME)";
				SDKROOT = auto;
				SUPPORTED_PLATFORMS = "iphoneos iphonesimulator macosx";
				SWIFT_EMIT_LOC_STRINGS = NO;
				SWIFT_VERSION = 5.0;
				TARGETED_DEVICE_FAMILY = "1,2";
				TEST_HOST = "$(BUILT_PRODUCTS_DIR)/Nine.app/$(BUNDLE_EXECUTABLE_FOLDER_PATH)/Nine";
			};
			name = Debug;
		};
		D43E6F6C2BEA15A40083F891 /* Release */ = {
			isa = XCBuildConfiguration;
			buildSettings = {
				ALWAYS_EMBED_SWIFT_STANDARD_LIBRARIES = YES;
				BUNDLE_LOADER = "$(TEST_HOST)";
				CODE_SIGN_STYLE = Automatic;
				CURRENT_PROJECT_VERSION = 1;
				DEVELOPMENT_TEAM = SRD9PR5GCG;
				GENERATE_INFOPLIST_FILE = YES;
				IPHONEOS_DEPLOYMENT_TARGET = 17.4;
				MACOSX_DEPLOYMENT_TARGET = 14.4;
				MARKETING_VERSION = 1.0;
				PRODUCT_BUNDLE_IDENTIFIER = com.rob.NineTests;
				PRODUCT_NAME = "$(TARGET_NAME)";
				SDKROOT = auto;
				SUPPORTED_PLATFORMS = "iphoneos iphonesimulator macosx";
				SWIFT_EMIT_LOC_STRINGS = NO;
				SWIFT_VERSION = 5.0;
				TARGETED_DEVICE_FAMILY = "1,2";
				TEST_HOST = "$(BUILT_PRODUCTS_DIR)/Nine.app/$(BUNDLE_EXECUTABLE_FOLDER_PATH)/Nine";
			};
			name = Release;
		};
		D43E6F6E2BEA15A40083F891 /* Debug */ = {
			isa = XCBuildConfiguration;
			buildSettings = {
				ALWAYS_EMBED_SWIFT_STANDARD_LIBRARIES = YES;
				CODE_SIGN_STYLE = Automatic;
				CURRENT_PROJECT_VERSION = 1;
				DEVELOPMENT_TEAM = SRD9PR5GCG;
				GENERATE_INFOPLIST_FILE = YES;
				IPHONEOS_DEPLOYMENT_TARGET = 17.4;
				MACOSX_DEPLOYMENT_TARGET = 14.4;
				MARKETING_VERSION = 1.0;
				PRODUCT_BUNDLE_IDENTIFIER = com.rob.NineUITests;
				PRODUCT_NAME = "$(TARGET_NAME)";
				SDKROOT = auto;
				SUPPORTED_PLATFORMS = "iphoneos iphonesimulator macosx";
				SWIFT_EMIT_LOC_STRINGS = NO;
				SWIFT_VERSION = 5.0;
				TARGETED_DEVICE_FAMILY = "1,2";
				TEST_TARGET_NAME = Nine;
			};
			name = Debug;
		};
		D43E6F6F2BEA15A40083F891 /* Release */ = {
			isa = XCBuildConfiguration;
			buildSettings = {
				ALWAYS_EMBED_SWIFT_STANDARD_LIBRARIES = YES;
				CODE_SIGN_STYLE = Automatic;
				CURRENT_PROJECT_VERSION = 1;
				DEVELOPMENT_TEAM = SRD9PR5GCG;
				GENERATE_INFOPLIST_FILE = YES;
				IPHONEOS_DEPLOYMENT_TARGET = 17.4;
				MACOSX_DEPLOYMENT_TARGET = 14.4;
				MARKETING_VERSION = 1.0;
				PRODUCT_BUNDLE_IDENTIFIER = com.rob.NineUITests;
				PRODUCT_NAME = "$(TARGET_NAME)";
				SDKROOT = auto;
				SUPPORTED_PLATFORMS = "iphoneos iphonesimulator macosx";
				SWIFT_EMIT_LOC_STRINGS = NO;
				SWIFT_VERSION = 5.0;
				TARGETED_DEVICE_FAMILY = "1,2";
				TEST_TARGET_NAME = Nine;
			};
			name = Release;
		};
/* End XCBuildConfiguration section */

/* Begin XCConfigurationList section */
		D43E6F3D2BEA15A30083F891 /* Build configuration list for PBXProject "Nine" */ = {
			isa = XCConfigurationList;
			buildConfigurations = (
				D43E6F652BEA15A40083F891 /* Debug */,
				D43E6F662BEA15A40083F891 /* Release */,
			);
			defaultConfigurationIsVisible = 0;
			defaultConfigurationName = Release;
		};
		D43E6F672BEA15A40083F891 /* Build configuration list for PBXNativeTarget "Nine" */ = {
			isa = XCConfigurationList;
			buildConfigurations = (
				D43E6F682BEA15A40083F891 /* Debug */,
				D43E6F692BEA15A40083F891 /* Release */,
			);
			defaultConfigurationIsVisible = 0;
			defaultConfigurationName = Release;
		};
		D43E6F6A2BEA15A40083F891 /* Build configuration list for PBXNativeTarget "NineTests" */ = {
			isa = XCConfigurationList;
			buildConfigurations = (
				D43E6F6B2BEA15A40083F891 /* Debug */,
				D43E6F6C2BEA15A40083F891 /* Release */,
			);
			defaultConfigurationIsVisible = 0;
			defaultConfigurationName = Release;
		};
		D43E6F6D2BEA15A40083F891 /* Build configuration list for PBXNativeTarget "NineUITests" */ = {
			isa = XCConfigurationList;
			buildConfigurations = (
				D43E6F6E2BEA15A40083F891 /* Debug */,
				D43E6F6F2BEA15A40083F891 /* Release */,
			);
			defaultConfigurationIsVisible = 0;
			defaultConfigurationName = Release;
		};
/* End XCConfigurationList section */
	};
	rootObject = D43E6F3A2BEA15A30083F891 /* Project object */;
}
