// !$*UTF8*$!
{
	archiveVersion = 1;
	classes = {
	};
	objectVersion = 56;
	objects = {

/* Begin PBXBuildFile section */
		D418099B2BEA2896006F2156 /* App_iOS.swift in Sources */ = {isa = PBXBuildFile; fileRef = D418099A2BEA2896006F2156 /* App_iOS.swift */; };
		D418099D2BEA2896006F2156 /* ContentView.swift in Sources */ = {isa = PBXBuildFile; fileRef = D418099C2BEA2896006F2156 /* ContentView.swift */; };
		D418099F2BEA2897006F2156 /* Assets.xcassets in Resources */ = {isa = PBXBuildFile; fileRef = D418099E2BEA2897006F2156 /* Assets.xcassets */; };
		D41809A22BEA2897006F2156 /* Preview Assets.xcassets in Resources */ = {isa = PBXBuildFile; fileRef = D41809A12BEA2897006F2156 /* Preview Assets.xcassets */; };
		D41809AC2BEA2897006F2156 /* Nine_iOSTests.swift in Sources */ = {isa = PBXBuildFile; fileRef = D41809AB2BEA2897006F2156 /* Nine_iOSTests.swift */; };
		D41809B62BEA2897006F2156 /* Nine_iOSUITests.swift in Sources */ = {isa = PBXBuildFile; fileRef = D41809B52BEA2897006F2156 /* Nine_iOSUITests.swift */; };
		D41809B82BEA2897006F2156 /* Nine_iOSUITestsLaunchTests.swift in Sources */ = {isa = PBXBuildFile; fileRef = D41809B72BEA2897006F2156 /* Nine_iOSUITestsLaunchTests.swift */; };
		D4180B212BEA2E5C006F2156 /* Model.framework in Frameworks */ = {isa = PBXBuildFile; fileRef = D4180B202BEA2E5C006F2156 /* Model.framework */; };
		D4180B222BEA2E5C006F2156 /* Model.framework in Embed Frameworks */ = {isa = PBXBuildFile; fileRef = D4180B202BEA2E5C006F2156 /* Model.framework */; settings = {ATTRIBUTES = (CodeSignOnCopy, RemoveHeadersOnCopy, ); }; };
/* End PBXBuildFile section */

/* Begin PBXContainerItemProxy section */
		D41809A82BEA2897006F2156 /* PBXContainerItemProxy */ = {
			isa = PBXContainerItemProxy;
			containerPortal = D418098F2BEA2896006F2156 /* Project object */;
			proxyType = 1;
			remoteGlobalIDString = D41809962BEA2896006F2156;
			remoteInfo = "Nine-iOS";
		};
		D41809B22BEA2897006F2156 /* PBXContainerItemProxy */ = {
			isa = PBXContainerItemProxy;
			containerPortal = D418098F2BEA2896006F2156 /* Project object */;
			proxyType = 1;
			remoteGlobalIDString = D41809962BEA2896006F2156;
			remoteInfo = "Nine-iOS";
		};
/* End PBXContainerItemProxy section */

/* Begin PBXCopyFilesBuildPhase section */
		D4180B232BEA2E5C006F2156 /* Embed Frameworks */ = {
			isa = PBXCopyFilesBuildPhase;
			buildActionMask = 2147483647;
			dstPath = "";
			dstSubfolderSpec = 10;
			files = (
				D4180B222BEA2E5C006F2156 /* Model.framework in Embed Frameworks */,
			);
			name = "Embed Frameworks";
			runOnlyForDeploymentPostprocessing = 0;
		};
/* End PBXCopyFilesBuildPhase section */

/* Begin PBXFileReference section */
		D41809972BEA2896006F2156 /* Nine-iOS.app */ = {isa = PBXFileReference; explicitFileType = wrapper.application; includeInIndex = 0; path = "Nine-iOS.app"; sourceTree = BUILT_PRODUCTS_DIR; };
		D418099A2BEA2896006F2156 /* App_iOS.swift */ = {isa = PBXFileReference; lastKnownFileType = sourcecode.swift; path = App_iOS.swift; sourceTree = "<group>"; };
		D418099C2BEA2896006F2156 /* ContentView.swift */ = {isa = PBXFileReference; lastKnownFileType = sourcecode.swift; path = ContentView.swift; sourceTree = "<group>"; };
		D418099E2BEA2897006F2156 /* Assets.xcassets */ = {isa = PBXFileReference; lastKnownFileType = folder.assetcatalog; path = Assets.xcassets; sourceTree = "<group>"; };
		D41809A12BEA2897006F2156 /* Preview Assets.xcassets */ = {isa = PBXFileReference; lastKnownFileType = folder.assetcatalog; path = "Preview Assets.xcassets"; sourceTree = "<group>"; };
		D41809A72BEA2897006F2156 /* Nine-iOSTests.xctest */ = {isa = PBXFileReference; explicitFileType = wrapper.cfbundle; includeInIndex = 0; path = "Nine-iOSTests.xctest"; sourceTree = BUILT_PRODUCTS_DIR; };
		D41809AB2BEA2897006F2156 /* Nine_iOSTests.swift */ = {isa = PBXFileReference; lastKnownFileType = sourcecode.swift; path = Nine_iOSTests.swift; sourceTree = "<group>"; };
		D41809B12BEA2897006F2156 /* Nine-iOSUITests.xctest */ = {isa = PBXFileReference; explicitFileType = wrapper.cfbundle; includeInIndex = 0; path = "Nine-iOSUITests.xctest"; sourceTree = BUILT_PRODUCTS_DIR; };
		D41809B52BEA2897006F2156 /* Nine_iOSUITests.swift */ = {isa = PBXFileReference; lastKnownFileType = sourcecode.swift; path = Nine_iOSUITests.swift; sourceTree = "<group>"; };
		D41809B72BEA2897006F2156 /* Nine_iOSUITestsLaunchTests.swift */ = {isa = PBXFileReference; lastKnownFileType = sourcecode.swift; path = Nine_iOSUITestsLaunchTests.swift; sourceTree = "<group>"; };
		D4180B202BEA2E5C006F2156 /* Model.framework */ = {isa = PBXFileReference; explicitFileType = wrapper.framework; path = Model.framework; sourceTree = BUILT_PRODUCTS_DIR; };
/* End PBXFileReference section */

/* Begin PBXFrameworksBuildPhase section */
		D41809942BEA2896006F2156 /* Frameworks */ = {
			isa = PBXFrameworksBuildPhase;
			buildActionMask = 2147483647;
			files = (
				D4180B212BEA2E5C006F2156 /* Model.framework in Frameworks */,
			);
			runOnlyForDeploymentPostprocessing = 0;
		};
		D41809A42BEA2897006F2156 /* Frameworks */ = {
			isa = PBXFrameworksBuildPhase;
			buildActionMask = 2147483647;
			files = (
			);
			runOnlyForDeploymentPostprocessing = 0;
		};
		D41809AE2BEA2897006F2156 /* Frameworks */ = {
			isa = PBXFrameworksBuildPhase;
			buildActionMask = 2147483647;
			files = (
			);
			runOnlyForDeploymentPostprocessing = 0;
		};
/* End PBXFrameworksBuildPhase section */

/* Begin PBXGroup section */
		D418098E2BEA2896006F2156 = {
			isa = PBXGroup;
			children = (
				D41809D02BEA28A6006F2156 /* Sources */,
				D41809D12BEA28A9006F2156 /* Tests */,
				D41809982BEA2896006F2156 /* Products */,
				D4180B1F2BEA2E5C006F2156 /* Frameworks */,
			);
			sourceTree = "<group>";
		};
		D41809982BEA2896006F2156 /* Products */ = {
			isa = PBXGroup;
			children = (
				D41809972BEA2896006F2156 /* Nine-iOS.app */,
				D41809A72BEA2897006F2156 /* Nine-iOSTests.xctest */,
				D41809B12BEA2897006F2156 /* Nine-iOSUITests.xctest */,
			);
			name = Products;
			sourceTree = "<group>";
		};
		D41809A02BEA2897006F2156 /* Preview Content */ = {
			isa = PBXGroup;
			children = (
				D41809A12BEA2897006F2156 /* Preview Assets.xcassets */,
			);
			path = "Preview Content";
			sourceTree = "<group>";
		};
		D41809AA2BEA2897006F2156 /* Nine-iOSTests */ = {
			isa = PBXGroup;
			children = (
				D41809AB2BEA2897006F2156 /* Nine_iOSTests.swift */,
			);
			path = "Nine-iOSTests";
			sourceTree = "<group>";
		};
		D41809B42BEA2897006F2156 /* Nine-iOSUITests */ = {
			isa = PBXGroup;
			children = (
				D41809B52BEA2897006F2156 /* Nine_iOSUITests.swift */,
				D41809B72BEA2897006F2156 /* Nine_iOSUITestsLaunchTests.swift */,
			);
			path = "Nine-iOSUITests";
			sourceTree = "<group>";
		};
		D41809D02BEA28A6006F2156 /* Sources */ = {
			isa = PBXGroup;
			children = (
				D41809D22BEA28BB006F2156 /* Base */,
				D41809D42BEA2912006F2156 /* Resources */,
				D41809D32BEA290B006F2156 /* Views */,
			);
			path = Sources;
			sourceTree = "<group>";
		};
		D41809D12BEA28A9006F2156 /* Tests */ = {
			isa = PBXGroup;
			children = (
				D41809AA2BEA2897006F2156 /* Nine-iOSTests */,
				D41809B42BEA2897006F2156 /* Nine-iOSUITests */,
			);
			path = Tests;
			sourceTree = "<group>";
		};
		D41809D22BEA28BB006F2156 /* Base */ = {
			isa = PBXGroup;
			children = (
				D418099A2BEA2896006F2156 /* App_iOS.swift */,
			);
			path = Base;
			sourceTree = "<group>";
		};
		D41809D32BEA290B006F2156 /* Views */ = {
			isa = PBXGroup;
			children = (
				D418099C2BEA2896006F2156 /* ContentView.swift */,
			);
			path = Views;
			sourceTree = "<group>";
		};
		D41809D42BEA2912006F2156 /* Resources */ = {
			isa = PBXGroup;
			children = (
				D418099E2BEA2897006F2156 /* Assets.xcassets */,
				D41809A02BEA2897006F2156 /* Preview Content */,
			);
			path = Resources;
			sourceTree = "<group>";
		};
		D4180B1F2BEA2E5C006F2156 /* Frameworks */ = {
			isa = PBXGroup;
			children = (
				D4180B202BEA2E5C006F2156 /* Model.framework */,
			);
			name = Frameworks;
			sourceTree = "<group>";
		};
/* End PBXGroup section */

/* Begin PBXNativeTarget section */
		D41809962BEA2896006F2156 /* Nine-iOS */ = {
			isa = PBXNativeTarget;
			buildConfigurationList = D41809BB2BEA2897006F2156 /* Build configuration list for PBXNativeTarget "Nine-iOS" */;
			buildPhases = (
				D41809932BEA2896006F2156 /* Sources */,
				D41809942BEA2896006F2156 /* Frameworks */,
				D41809952BEA2896006F2156 /* Resources */,
				D4180B232BEA2E5C006F2156 /* Embed Frameworks */,
			);
			buildRules = (
			);
			dependencies = (
			);
			name = "Nine-iOS";
			productName = "Nine-iOS";
			productReference = D41809972BEA2896006F2156 /* Nine-iOS.app */;
			productType = "com.apple.product-type.application";
		};
		D41809A62BEA2897006F2156 /* Nine-iOSTests */ = {
			isa = PBXNativeTarget;
			buildConfigurationList = D41809BE2BEA2897006F2156 /* Build configuration list for PBXNativeTarget "Nine-iOSTests" */;
			buildPhases = (
				D41809A32BEA2897006F2156 /* Sources */,
				D41809A42BEA2897006F2156 /* Frameworks */,
				D41809A52BEA2897006F2156 /* Resources */,
			);
			buildRules = (
			);
			dependencies = (
				D41809A92BEA2897006F2156 /* PBXTargetDependency */,
			);
			name = "Nine-iOSTests";
			productName = "Nine-iOSTests";
			productReference = D41809A72BEA2897006F2156 /* Nine-iOSTests.xctest */;
			productType = "com.apple.product-type.bundle.unit-test";
		};
		D41809B02BEA2897006F2156 /* Nine-iOSUITests */ = {
			isa = PBXNativeTarget;
			buildConfigurationList = D41809C12BEA2897006F2156 /* Build configuration list for PBXNativeTarget "Nine-iOSUITests" */;
			buildPhases = (
				D41809AD2BEA2897006F2156 /* Sources */,
				D41809AE2BEA2897006F2156 /* Frameworks */,
				D41809AF2BEA2897006F2156 /* Resources */,
			);
			buildRules = (
			);
			dependencies = (
				D41809B32BEA2897006F2156 /* PBXTargetDependency */,
			);
			name = "Nine-iOSUITests";
			productName = "Nine-iOSUITests";
			productReference = D41809B12BEA2897006F2156 /* Nine-iOSUITests.xctest */;
			productType = "com.apple.product-type.bundle.ui-testing";
		};
/* End PBXNativeTarget section */

/* Begin PBXProject section */
		D418098F2BEA2896006F2156 /* Project object */ = {
			isa = PBXProject;
			attributes = {
				BuildIndependentTargetsInParallel = 1;
				LastSwiftUpdateCheck = 1530;
				LastUpgradeCheck = 1530;
				TargetAttributes = {
					D41809962BEA2896006F2156 = {
						CreatedOnToolsVersion = 15.3;
					};
					D41809A62BEA2897006F2156 = {
						CreatedOnToolsVersion = 15.3;
						TestTargetID = D41809962BEA2896006F2156;
					};
					D41809B02BEA2897006F2156 = {
						CreatedOnToolsVersion = 15.3;
						TestTargetID = D41809962BEA2896006F2156;
					};
				};
			};
			buildConfigurationList = D41809922BEA2896006F2156 /* Build configuration list for PBXProject "Nine-iOS" */;
			compatibilityVersion = "Xcode 14.0";
			developmentRegion = en;
			hasScannedForEncodings = 0;
			knownRegions = (
				en,
				Base,
			);
			mainGroup = D418098E2BEA2896006F2156;
			productRefGroup = D41809982BEA2896006F2156 /* Products */;
			projectDirPath = "";
			projectRoot = "";
			targets = (
				D41809962BEA2896006F2156 /* Nine-iOS */,
				D41809A62BEA2897006F2156 /* Nine-iOSTests */,
				D41809B02BEA2897006F2156 /* Nine-iOSUITests */,
			);
		};
/* End PBXProject section */

/* Begin PBXResourcesBuildPhase section */
		D41809952BEA2896006F2156 /* Resources */ = {
			isa = PBXResourcesBuildPhase;
			buildActionMask = 2147483647;
			files = (
				D41809A22BEA2897006F2156 /* Preview Assets.xcassets in Resources */,
				D418099F2BEA2897006F2156 /* Assets.xcassets in Resources */,
			);
			runOnlyForDeploymentPostprocessing = 0;
		};
		D41809A52BEA2897006F2156 /* Resources */ = {
			isa = PBXResourcesBuildPhase;
			buildActionMask = 2147483647;
			files = (
			);
			runOnlyForDeploymentPostprocessing = 0;
		};
		D41809AF2BEA2897006F2156 /* Resources */ = {
			isa = PBXResourcesBuildPhase;
			buildActionMask = 2147483647;
			files = (
			);
			runOnlyForDeploymentPostprocessing = 0;
		};
/* End PBXResourcesBuildPhase section */

/* Begin PBXSourcesBuildPhase section */
		D41809932BEA2896006F2156 /* Sources */ = {
			isa = PBXSourcesBuildPhase;
			buildActionMask = 2147483647;
			files = (
				D418099D2BEA2896006F2156 /* ContentView.swift in Sources */,
				D418099B2BEA2896006F2156 /* App_iOS.swift in Sources */,
			);
			runOnlyForDeploymentPostprocessing = 0;
		};
		D41809A32BEA2897006F2156 /* Sources */ = {
			isa = PBXSourcesBuildPhase;
			buildActionMask = 2147483647;
			files = (
				D41809AC2BEA2897006F2156 /* Nine_iOSTests.swift in Sources */,
			);
			runOnlyForDeploymentPostprocessing = 0;
		};
		D41809AD2BEA2897006F2156 /* Sources */ = {
			isa = PBXSourcesBuildPhase;
			buildActionMask = 2147483647;
			files = (
				D41809B82BEA2897006F2156 /* Nine_iOSUITestsLaunchTests.swift in Sources */,
				D41809B62BEA2897006F2156 /* Nine_iOSUITests.swift in Sources */,
			);
			runOnlyForDeploymentPostprocessing = 0;
		};
/* End PBXSourcesBuildPhase section */

/* Begin PBXTargetDependency section */
		D41809A92BEA2897006F2156 /* PBXTargetDependency */ = {
			isa = PBXTargetDependency;
			target = D41809962BEA2896006F2156 /* Nine-iOS */;
			targetProxy = D41809A82BEA2897006F2156 /* PBXContainerItemProxy */;
		};
		D41809B32BEA2897006F2156 /* PBXTargetDependency */ = {
			isa = PBXTargetDependency;
			target = D41809962BEA2896006F2156 /* Nine-iOS */;
			targetProxy = D41809B22BEA2897006F2156 /* PBXContainerItemProxy */;
		};
/* End PBXTargetDependency section */

/* Begin XCBuildConfiguration section */
		D41809B92BEA2897006F2156 /* Debug */ = {
			isa = XCBuildConfiguration;
			buildSettings = {
				ALWAYS_SEARCH_USER_PATHS = NO;
				ASSETCATALOG_COMPILER_GENERATE_SWIFT_ASSET_SYMBOL_EXTENSIONS = YES;
				CLANG_ANALYZER_NONNULL = YES;
				CLANG_ANALYZER_NUMBER_OBJECT_CONVERSION = YES_AGGRESSIVE;
				CLANG_CXX_LANGUAGE_STANDARD = "gnu++20";
				CLANG_ENABLE_MODULES = YES;
				CLANG_ENABLE_OBJC_ARC = YES;
				CLANG_ENABLE_OBJC_WEAK = YES;
				CLANG_WARN_BLOCK_CAPTURE_AUTORELEASING = YES;
				CLANG_WARN_BOOL_CONVERSION = YES;
				CLANG_WARN_COMMA = YES;
				CLANG_WARN_CONSTANT_CONVERSION = YES;
				CLANG_WARN_DEPRECATED_OBJC_IMPLEMENTATIONS = YES;
				CLANG_WARN_DIRECT_OBJC_ISA_USAGE = YES_ERROR;
				CLANG_WARN_DOCUMENTATION_COMMENTS = YES;
				CLANG_WARN_EMPTY_BODY = YES;
				CLANG_WARN_ENUM_CONVERSION = YES;
				CLANG_WARN_INFINITE_RECURSION = YES;
				CLANG_WARN_INT_CONVERSION = YES;
				CLANG_WARN_NON_LITERAL_NULL_CONVERSION = YES;
				CLANG_WARN_OBJC_IMPLICIT_RETAIN_SELF = YES;
				CLANG_WARN_OBJC_LITERAL_CONVERSION = YES;
				CLANG_WARN_OBJC_ROOT_CLASS = YES_ERROR;
				CLANG_WARN_QUOTED_INCLUDE_IN_FRAMEWORK_HEADER = YES;
				CLANG_WARN_RANGE_LOOP_ANALYSIS = YES;
				CLANG_WARN_STRICT_PROTOTYPES = YES;
				CLANG_WARN_SUSPICIOUS_MOVE = YES;
				CLANG_WARN_UNGUARDED_AVAILABILITY = YES_AGGRESSIVE;
				CLANG_WARN_UNREACHABLE_CODE = YES;
				CLANG_WARN__DUPLICATE_METHOD_MATCH = YES;
				COPY_PHASE_STRIP = NO;
				DEBUG_INFORMATION_FORMAT = dwarf;
				ENABLE_STRICT_OBJC_MSGSEND = YES;
				ENABLE_TESTABILITY = YES;
				ENABLE_USER_SCRIPT_SANDBOXING = YES;
				GCC_C_LANGUAGE_STANDARD = gnu17;
				GCC_DYNAMIC_NO_PIC = NO;
				GCC_NO_COMMON_BLOCKS = YES;
				GCC_OPTIMIZATION_LEVEL = 0;
				GCC_PREPROCESSOR_DEFINITIONS = (
					"DEBUG=1",
					"$(inherited)",
				);
				GCC_WARN_64_TO_32_BIT_CONVERSION = YES;
				GCC_WARN_ABOUT_RETURN_TYPE = YES_ERROR;
				GCC_WARN_UNDECLARED_SELECTOR = YES;
				GCC_WARN_UNINITIALIZED_AUTOS = YES_AGGRESSIVE;
				GCC_WARN_UNUSED_FUNCTION = YES;
				GCC_WARN_UNUSED_VARIABLE = YES;
				IPHONEOS_DEPLOYMENT_TARGET = 17.4;
				LOCALIZATION_PREFERS_STRING_CATALOGS = YES;
				MTL_ENABLE_DEBUG_INFO = INCLUDE_SOURCE;
				MTL_FAST_MATH = YES;
				ONLY_ACTIVE_ARCH = YES;
				SDKROOT = iphoneos;
				SWIFT_ACTIVE_COMPILATION_CONDITIONS = "DEBUG $(inherited)";
				SWIFT_OPTIMIZATION_LEVEL = "-Onone";
			};
			name = Debug;
		};
		D41809BA2BEA2897006F2156 /* Release */ = {
			isa = XCBuildConfiguration;
			buildSettings = {
				ALWAYS_SEARCH_USER_PATHS = NO;
				ASSETCATALOG_COMPILER_GENERATE_SWIFT_ASSET_SYMBOL_EXTENSIONS = YES;
				CLANG_ANALYZER_NONNULL = YES;
				CLANG_ANALYZER_NUMBER_OBJECT_CONVERSION = YES_AGGRESSIVE;
				CLANG_CXX_LANGUAGE_STANDARD = "gnu++20";
				CLANG_ENABLE_MODULES = YES;
				CLANG_ENABLE_OBJC_ARC = YES;
				CLANG_ENABLE_OBJC_WEAK = YES;
				CLANG_WARN_BLOCK_CAPTURE_AUTORELEASING = YES;
				CLANG_WARN_BOOL_CONVERSION = YES;
				CLANG_WARN_COMMA = YES;
				CLANG_WARN_CONSTANT_CONVERSION = YES;
				CLANG_WARN_DEPRECATED_OBJC_IMPLEMENTATIONS = YES;
				CLANG_WARN_DIRECT_OBJC_ISA_USAGE = YES_ERROR;
				CLANG_WARN_DOCUMENTATION_COMMENTS = YES;
				CLANG_WARN_EMPTY_BODY = YES;
				CLANG_WARN_ENUM_CONVERSION = YES;
				CLANG_WARN_INFINITE_RECURSION = YES;
				CLANG_WARN_INT_CONVERSION = YES;
				CLANG_WARN_NON_LITERAL_NULL_CONVERSION = YES;
				CLANG_WARN_OBJC_IMPLICIT_RETAIN_SELF = YES;
				CLANG_WARN_OBJC_LITERAL_CONVERSION = YES;
				CLANG_WARN_OBJC_ROOT_CLASS = YES_ERROR;
				CLANG_WARN_QUOTED_INCLUDE_IN_FRAMEWORK_HEADER = YES;
				CLANG_WARN_RANGE_LOOP_ANALYSIS = YES;
				CLANG_WARN_STRICT_PROTOTYPES = YES;
				CLANG_WARN_SUSPICIOUS_MOVE = YES;
				CLANG_WARN_UNGUARDED_AVAILABILITY = YES_AGGRESSIVE;
				CLANG_WARN_UNREACHABLE_CODE = YES;
				CLANG_WARN__DUPLICATE_METHOD_MATCH = YES;
				COPY_PHASE_STRIP = NO;
				DEBUG_INFORMATION_FORMAT = "dwarf-with-dsym";
				ENABLE_NS_ASSERTIONS = NO;
				ENABLE_STRICT_OBJC_MSGSEND = YES;
				ENABLE_USER_SCRIPT_SANDBOXING = YES;
				GCC_C_LANGUAGE_STANDARD = gnu17;
				GCC_NO_COMMON_BLOCKS = YES;
				GCC_WARN_64_TO_32_BIT_CONVERSION = YES;
				GCC_WARN_ABOUT_RETURN_TYPE = YES_ERROR;
				GCC_WARN_UNDECLARED_SELECTOR = YES;
				GCC_WARN_UNINITIALIZED_AUTOS = YES_AGGRESSIVE;
				GCC_WARN_UNUSED_FUNCTION = YES;
				GCC_WARN_UNUSED_VARIABLE = YES;
				IPHONEOS_DEPLOYMENT_TARGET = 17.4;
				LOCALIZATION_PREFERS_STRING_CATALOGS = YES;
				MTL_ENABLE_DEBUG_INFO = NO;
				MTL_FAST_MATH = YES;
				SDKROOT = iphoneos;
				SWIFT_COMPILATION_MODE = wholemodule;
				VALIDATE_PRODUCT = YES;
			};
			name = Release;
		};
		D41809BC2BEA2897006F2156 /* Debug */ = {
			isa = XCBuildConfiguration;
			buildSettings = {
				ASSETCATALOG_COMPILER_APPICON_NAME = AppIcon;
				ASSETCATALOG_COMPILER_GLOBAL_ACCENT_COLOR_NAME = AccentColor;
				CODE_SIGN_STYLE = Automatic;
				CURRENT_PROJECT_VERSION = 1;
				DEVELOPMENT_ASSET_PATHS = "\"Sources/Resources/Preview Content\"";
				DEVELOPMENT_TEAM = SRD9PR5GCG;
				ENABLE_PREVIEWS = YES;
				GENERATE_INFOPLIST_FILE = YES;
				INFOPLIST_KEY_UIApplicationSceneManifest_Generation = YES;
				INFOPLIST_KEY_UIApplicationSupportsIndirectInputEvents = YES;
				INFOPLIST_KEY_UILaunchScreen_Generation = YES;
				INFOPLIST_KEY_UISupportedInterfaceOrientations_iPad = "UIInterfaceOrientationPortrait UIInterfaceOrientationPortraitUpsideDown UIInterfaceOrientationLandscapeLeft UIInterfaceOrientationLandscapeRight";
				INFOPLIST_KEY_UISupportedInterfaceOrientations_iPhone = "UIInterfaceOrientationPortrait UIInterfaceOrientationLandscapeLeft UIInterfaceOrientationLandscapeRight";
				LD_RUNPATH_SEARCH_PATHS = (
					"$(inherited)",
					"@executable_path/Frameworks",
				);
				MARKETING_VERSION = 1.0;
				PRODUCT_BUNDLE_IDENTIFIER = "com.rob.Nine-iOS";
				PRODUCT_NAME = "$(TARGET_NAME)";
				SWIFT_EMIT_LOC_STRINGS = YES;
				SWIFT_VERSION = 5.0;
				TARGETED_DEVICE_FAMILY = "1,2";
			};
			name = Debug;
		};
		D41809BD2BEA2897006F2156 /* Release */ = {
			isa = XCBuildConfiguration;
			buildSettings = {
				ASSETCATALOG_COMPILER_APPICON_NAME = AppIcon;
				ASSETCATALOG_COMPILER_GLOBAL_ACCENT_COLOR_NAME = AccentColor;
				CODE_SIGN_STYLE = Automatic;
				CURRENT_PROJECT_VERSION = 1;
				DEVELOPMENT_ASSET_PATHS = "\"Sources/Resources/Preview Content\"";
				DEVELOPMENT_TEAM = SRD9PR5GCG;
				ENABLE_PREVIEWS = YES;
				GENERATE_INFOPLIST_FILE = YES;
				INFOPLIST_KEY_UIApplicationSceneManifest_Generation = YES;
				INFOPLIST_KEY_UIApplicationSupportsIndirectInputEvents = YES;
				INFOPLIST_KEY_UILaunchScreen_Generation = YES;
				INFOPLIST_KEY_UISupportedInterfaceOrientations_iPad = "UIInterfaceOrientationPortrait UIInterfaceOrientationPortraitUpsideDown UIInterfaceOrientationLandscapeLeft UIInterfaceOrientationLandscapeRight";
				INFOPLIST_KEY_UISupportedInterfaceOrientations_iPhone = "UIInterfaceOrientationPortrait UIInterfaceOrientationLandscapeLeft UIInterfaceOrientationLandscapeRight";
				LD_RUNPATH_SEARCH_PATHS = (
					"$(inherited)",
					"@executable_path/Frameworks",
				);
				MARKETING_VERSION = 1.0;
				PRODUCT_BUNDLE_IDENTIFIER = "com.rob.Nine-iOS";
				PRODUCT_NAME = "$(TARGET_NAME)";
				SWIFT_EMIT_LOC_STRINGS = YES;
				SWIFT_VERSION = 5.0;
				TARGETED_DEVICE_FAMILY = "1,2";
			};
			name = Release;
		};
		D41809BF2BEA2897006F2156 /* Debug */ = {
			isa = XCBuildConfiguration;
			buildSettings = {
				ALWAYS_EMBED_SWIFT_STANDARD_LIBRARIES = YES;
				BUNDLE_LOADER = "$(TEST_HOST)";
				CODE_SIGN_STYLE = Automatic;
				CURRENT_PROJECT_VERSION = 1;
				DEVELOPMENT_TEAM = SRD9PR5GCG;
				GENERATE_INFOPLIST_FILE = YES;
				IPHONEOS_DEPLOYMENT_TARGET = 17.4;
				MARKETING_VERSION = 1.0;
				PRODUCT_BUNDLE_IDENTIFIER = "com.rob.Nine-iOSTests";
				PRODUCT_NAME = "$(TARGET_NAME)";
				SWIFT_EMIT_LOC_STRINGS = NO;
				SWIFT_VERSION = 5.0;
				TARGETED_DEVICE_FAMILY = "1,2";
				TEST_HOST = "$(BUILT_PRODUCTS_DIR)/Nine-iOS.app/$(BUNDLE_EXECUTABLE_FOLDER_PATH)/Nine-iOS";
			};
			name = Debug;
		};
		D41809C02BEA2897006F2156 /* Release */ = {
			isa = XCBuildConfiguration;
			buildSettings = {
				ALWAYS_EMBED_SWIFT_STANDARD_LIBRARIES = YES;
				BUNDLE_LOADER = "$(TEST_HOST)";
				CODE_SIGN_STYLE = Automatic;
				CURRENT_PROJECT_VERSION = 1;
				DEVELOPMENT_TEAM = SRD9PR5GCG;
				GENERATE_INFOPLIST_FILE = YES;
				IPHONEOS_DEPLOYMENT_TARGET = 17.4;
				MARKETING_VERSION = 1.0;
				PRODUCT_BUNDLE_IDENTIFIER = "com.rob.Nine-iOSTests";
				PRODUCT_NAME = "$(TARGET_NAME)";
				SWIFT_EMIT_LOC_STRINGS = NO;
				SWIFT_VERSION = 5.0;
				TARGETED_DEVICE_FAMILY = "1,2";
				TEST_HOST = "$(BUILT_PRODUCTS_DIR)/Nine-iOS.app/$(BUNDLE_EXECUTABLE_FOLDER_PATH)/Nine-iOS";
			};
			name = Release;
		};
		D41809C22BEA2897006F2156 /* Debug */ = {
			isa = XCBuildConfiguration;
			buildSettings = {
				ALWAYS_EMBED_SWIFT_STANDARD_LIBRARIES = YES;
				CODE_SIGN_STYLE = Automatic;
				CURRENT_PROJECT_VERSION = 1;
				DEVELOPMENT_TEAM = SRD9PR5GCG;
				GENERATE_INFOPLIST_FILE = YES;
				MARKETING_VERSION = 1.0;
				PRODUCT_BUNDLE_IDENTIFIER = "com.rob.Nine-iOSUITests";
				PRODUCT_NAME = "$(TARGET_NAME)";
				SWIFT_EMIT_LOC_STRINGS = NO;
				SWIFT_VERSION = 5.0;
				TARGETED_DEVICE_FAMILY = "1,2";
				TEST_TARGET_NAME = "Nine-iOS";
			};
			name = Debug;
		};
		D41809C32BEA2897006F2156 /* Release */ = {
			isa = XCBuildConfiguration;
			buildSettings = {
				ALWAYS_EMBED_SWIFT_STANDARD_LIBRARIES = YES;
				CODE_SIGN_STYLE = Automatic;
				CURRENT_PROJECT_VERSION = 1;
				DEVELOPMENT_TEAM = SRD9PR5GCG;
				GENERATE_INFOPLIST_FILE = YES;
				MARKETING_VERSION = 1.0;
				PRODUCT_BUNDLE_IDENTIFIER = "com.rob.Nine-iOSUITests";
				PRODUCT_NAME = "$(TARGET_NAME)";
				SWIFT_EMIT_LOC_STRINGS = NO;
				SWIFT_VERSION = 5.0;
				TARGETED_DEVICE_FAMILY = "1,2";
				TEST_TARGET_NAME = "Nine-iOS";
			};
			name = Release;
		};
/* End XCBuildConfiguration section */

/* Begin XCConfigurationList section */
		D41809922BEA2896006F2156 /* Build configuration list for PBXProject "Nine-iOS" */ = {
			isa = XCConfigurationList;
			buildConfigurations = (
				D41809B92BEA2897006F2156 /* Debug */,
				D41809BA2BEA2897006F2156 /* Release */,
			);
			defaultConfigurationIsVisible = 0;
			defaultConfigurationName = Release;
		};
		D41809BB2BEA2897006F2156 /* Build configuration list for PBXNativeTarget "Nine-iOS" */ = {
			isa = XCConfigurationList;
			buildConfigurations = (
				D41809BC2BEA2897006F2156 /* Debug */,
				D41809BD2BEA2897006F2156 /* Release */,
			);
			defaultConfigurationIsVisible = 0;
			defaultConfigurationName = Release;
		};
		D41809BE2BEA2897006F2156 /* Build configuration list for PBXNativeTarget "Nine-iOSTests" */ = {
			isa = XCConfigurationList;
			buildConfigurations = (
				D41809BF2BEA2897006F2156 /* Debug */,
				D41809C02BEA2897006F2156 /* Release */,
			);
			defaultConfigurationIsVisible = 0;
			defaultConfigurationName = Release;
		};
		D41809C12BEA2897006F2156 /* Build configuration list for PBXNativeTarget "Nine-iOSUITests" */ = {
			isa = XCConfigurationList;
			buildConfigurations = (
				D41809C22BEA2897006F2156 /* Debug */,
				D41809C32BEA2897006F2156 /* Release */,
			);
			defaultConfigurationIsVisible = 0;
			defaultConfigurationName = Release;
		};
/* End XCConfigurationList section */
	};
	rootObject = D418098F2BEA2896006F2156 /* Project object */;
}
